
Microsoft Visual Studio Solution File, Format Version 12.00
# Visual Studio Version 16
VisualStudioVersion = 16.0.31424.327
MinimumVisualStudioVersion = 10.0.40219.1
Project("{9A19103F-16F7-4668-BE54-9A1E7A4F7556}") = "What-A-Bot.Server", "What-A-Bot.Server\What-A-Bot.Server.csproj", "{4A54746D-AE1D-4B6B-8A4E-179B26A4C3C4}"
EndProject
Project("{9A19103F-16F7-4668-BE54-9A1E7A4F7556}") = "What-A-Bot.Worker", "What-A-Bot.Worker\What-A-Bot.Worker.csproj", "{B4B261E7-CCFE-43C1-97EC-3C889584A4C1}"
EndProject
Project("{FAE04EC0-301F-11D3-BF4B-00C04F79EFBC}") = "What-A-Bot.Functions", "What-A-Bot.Functions\What-A-Bot.Functions.csproj", "{FF045FB4-1947-471E-874A-BB614BDBD5D1}"
EndProject
Global
	GlobalSection(SolutionConfigurationPlatforms) = preSolution
		Debug|Any CPU = Debug|Any CPU
		Release|Any CPU = Release|Any CPU
	EndGlobalSection
	GlobalSection(ProjectConfigurationPlatforms) = postSolution
		{4A54746D-AE1D-4B6B-8A4E-179B26A4C3C4}.Debug|Any CPU.ActiveCfg = Debug|Any CPU
		{4A54746D-AE1D-4B6B-8A4E-179B26A4C3C4}.Debug|Any CPU.Build.0 = Debug|Any CPU
		{4A54746D-AE1D-4B6B-8A4E-179B26A4C3C4}.Release|Any CPU.ActiveCfg = Release|Any CPU
		{4A54746D-AE1D-4B6B-8A4E-179B26A4C3C4}.Release|Any CPU.Build.0 = Release|Any CPU
		{B4B261E7-CCFE-43C1-97EC-3C889584A4C1}.Debug|Any CPU.ActiveCfg = Debug|Any CPU
		{B4B261E7-CCFE-43C1-97EC-3C889584A4C1}.Debug|Any CPU.Build.0 = Debug|Any CPU
		{B4B261E7-CCFE-43C1-97EC-3C889584A4C1}.Release|Any CPU.ActiveCfg = Release|Any CPU
		{B4B261E7-CCFE-43C1-97EC-3C889584A4C1}.Release|Any CPU.Build.0 = Release|Any CPU
		{FF045FB4-1947-471E-874A-BB614BDBD5D1}.Debug|Any CPU.ActiveCfg = Debug|Any CPU
		{FF045FB4-1947-471E-874A-BB614BDBD5D1}.Debug|Any CPU.Build.0 = Debug|Any CPU
		{FF045FB4-1947-471E-874A-BB614BDBD5D1}.Release|Any CPU.ActiveCfg = Release|Any CPU
		{FF045FB4-1947-471E-874A-BB614BDBD5D1}.Release|Any CPU.Build.0 = Release|Any CPU
	EndGlobalSection
	GlobalSection(SolutionProperties) = preSolution
		HideSolutionNode = FALSE
	EndGlobalSection
	GlobalSection(ExtensibilityGlobals) = postSolution
		SolutionGuid = {EFF0FEB8-194E-4C0B-B3EE-DA9B3E22BAA2}
	EndGlobalSection
EndGlobal
